Microsoft Visual Studio Solution File, Format Version 12.00
# Visual Studio Version 17
VisualStudioVersion = 17.5.2.0
MinimumVisualStudioVersion = 10.0.40219.1
Project("{FAE04EC0-301F-11D3-BF4B-00C04F79EFBC}") = "IskoWalkAPI", "IskoWalkAPI.csproj", "{D272E9C3-32FF-D08D-81E5-EB21526D854B}"
EndProject
Global
	GlobalSection(SolutionConfigurationPlatforms) = preSolution
		Debug|Any CPU = Debug|Any CPU
		Release|Any CPU = Release|Any CPU
	EndGlobalSection
	GlobalSection(ProjectConfigurationPlatforms) = postSolution
		{D272E9C3-32FF-D08D-81E5-EB21526D854B}.Debug|Any CPU.ActiveCfg = Debug|Any CPU
		{D272E9C3-32FF-D08D-81E5-EB21526D854B}.Debug|Any CPU.Build.0 = Debug|Any CPU
		{D272E9C3-32FF-D08D-81E5-EB21526D854B}.Release|Any CPU.ActiveCfg = Release|Any CPU
		{D272E9C3-32FF-D08D-81E5-EB21526D854B}.Release|Any CPU.Build.0 = Release|Any CPU
	EndGlobalSection
	GlobalSection(SolutionProperties) = preSolution
		HideSolutionNode = FALSE
	EndGlobalSection
	GlobalSection(ExtensibilityGlobals) = postSolution
		SolutionGuid = {55CCEAB5-2645-40FC-9306-071577ADE6CE}
	EndGlobalSection
EndGlobal
